github.com/kisielk/errcheck v1.2.0 h1:reN85Pxc5larApoH1keMBiu2GWtPqXQ1nc9gx+jOU+E=
github.com/kisielk/errcheck v1.2.0/go.mod h1:/BMXB+zMLi60iA8Vv6Ksmxu/1UDYcXs4uQLJ+jE2L00=
github.com/urban-wombat/util v0.0.0-20190808103052-6aabd774f988 h1:Ln4Mi4rdN91lMfx+ZpFp033Vbwt/MPdLuydbqTD/i3Q=
github.com/urban-wombat/util v0.0.0-20190808103052-6aabd774f988/go.mod h1:DdK3lwWrJk6D3TTooDsyl3Z8MdO76hKjVIzjBRTveHQ=
golang.org/x/tools v0.0.0-20181030221726-6c7e314b6563 h1:NIou6eNFigscvKJmsbyez16S2cIS6idossORlFtSt2E=
golang.org/x/tools v0.0.0-20181030221726-6c7e314b6563/go.mod h1:n7NCudcB/nEzxVGmLbDWY5pfWTLqBcC2KZ6jyYvM4mQ=
